// !$*UTF8*$!
{
	archiveVersion = 1;
	classes = {
	};
	objectVersion = 50;
	objects = {

/* Begin PBXBuildFile section */
		090461E120DA2AE000B5CE8A /* AppDelegate.swift in Sources */ = {isa = PBXBuildFile; fileRef = 090461E020DA2AE000B5CE8A /* AppDelegate.swift */; };
		090461E320DA2AE000B5CE8A /* ViewController.swift in Sources */ = {isa = PBXBuildFile; fileRef = 090461E220DA2AE000B5CE8A /* ViewController.swift */; };
		090461E620DA2AE000B5CE8A /* Main.storyboard in Resources */ = {isa = PBXBuildFile; fileRef = 090461E420DA2AE000B5CE8A /* Main.storyboard */; };
		090461E820DA2AE200B5CE8A /* Assets.xcassets in Resources */ = {isa = PBXBuildFile; fileRef = 090461E720DA2AE200B5CE8A /* Assets.xcassets */; };
		090461EB20DA2AE200B5CE8A /* LaunchScreen.storyboard in Resources */ = {isa = PBXBuildFile; fileRef = 090461E920DA2AE200B5CE8A /* LaunchScreen.storyboard */; };
		090461F620DADA5600B5CE8A /* Actor.swift in Sources */ = {isa = PBXBuildFile; fileRef = 090461F520DADA5600B5CE8A /* Actor.swift */; };
		094CC45420DB32580025CA0A /* ImageShowVC.swift in Sources */ = {isa = PBXBuildFile; fileRef = 094CC45320DB32580025CA0A /* ImageShowVC.swift */; };
		094CC45720DB33140025CA0A /* imageShower.storyboard in Resources */ = {isa = PBXBuildFile; fileRef = 094CC45520DB33140025CA0A /* imageShower.storyboard */; };
		09F4699520DAF744004E4337 /* ActorsTVC.swift in Sources */ = {isa = PBXBuildFile; fileRef = 09F4699420DAF744004E4337 /* ActorsTVC.swift */; };
		09F6656020DB503A00137FC4 /* sf-ui-text-regular-58646b56a688c.otf in Resources */ = {isa = PBXBuildFile; fileRef = 09F6655F20DB503A00137FC4 /* sf-ui-text-regular-58646b56a688c.otf */; };
/* End PBXBuildFile section */

/* Begin PBXFileReference section */
		090461DD20DA2AE000B5CE8A /* ExampleProject.app */ = {isa = PBXFileReference; explicitFileType = wrapper.application; includeInIndex = 0; path = ExampleProject.app; sourceTree = BUILT_PRODUCTS_DIR; };
		090461E020DA2AE000B5CE8A /* AppDelegate.swift */ = {isa = PBXFileReference; lastKnownFileType = sourcecode.swift; path = AppDelegate.swift; sourceTree = "<group>"; };
		090461E220DA2AE000B5CE8A /* ViewController.swift */ = {isa = PBXFileReference; lastKnownFileType = sourcecode.swift; path = ViewController.swift; sourceTree = "<group>"; };
		090461E520DA2AE000B5CE8A /* Base */ = {isa = PBXFileReference; lastKnownFileType = file.storyboard; name = Base; path = Base.lproj/Main.storyboard; sourceTree = "<group>"; };
		090461E720DA2AE200B5CE8A /* Assets.xcassets */ = {isa = PBXFileReference; lastKnownFileType = folder.assetcatalog; path = Assets.xcassets; sourceTree = "<group>"; };
		090461EA20DA2AE200B5CE8A /* Base */ = {isa = PBXFileReference; lastKnownFileType = file.storyboard; name = Base; path = Base.lproj/LaunchScreen.storyboard; sourceTree = "<group>"; };
		090461EC20DA2AE200B5CE8A /* Info.plist */ = {isa = PBXFileReference; lastKnownFileType = text.plist.xml; path = Info.plist; sourceTree = "<group>"; };
		090461F520DADA5600B5CE8A /* Actor.swift */ = {isa = PBXFileReference; lastKnownFileType = sourcecode.swift; path = Actor.swift; sourceTree = "<group>"; };
		094CC45320DB32580025CA0A /* ImageShowVC.swift */ = {isa = PBXFileReference; lastKnownFileType = sourcecode.swift; path = ImageShowVC.swift; sourceTree = "<group>"; };
		094CC45620DB33140025CA0A /* Base */ = {isa = PBXFileReference; lastKnownFileType = file.storyboard; name = Base; path = ExampleProject/Base.lproj/imageShower.storyboard; sourceTree = "<group>"; };
		09F4699420DAF744004E4337 /* ActorsTVC.swift */ = {isa = PBXFileReference; lastKnownFileType = sourcecode.swift; path = ActorsTVC.swift; sourceTree = "<group>"; };
		09F6655F20DB503A00137FC4 /* sf-ui-text-regular-58646b56a688c.otf */ = {isa = PBXFileReference; lastKnownFileType = file; path = "sf-ui-text-regular-58646b56a688c.otf"; sourceTree = "<group>"; };
/* End PBXFileReference section */

/* Begin PBXFrameworksBuildPhase section */
		090461DA20DA2AE000B5CE8A /* Frameworks */ = {
			isa = PBXFrameworksBuildPhase;
			buildActionMask = 2147483647;
			files = (
			);
			runOnlyForDeploymentPostprocessing = 0;
		};
/* End PBXFrameworksBuildPhase section */

/* Begin PBXGroup section */
		090461D420DA2AE000B5CE8A = {
			isa = PBXGroup;
			children = (
				090461DF20DA2AE000B5CE8A /* ExampleProject */,
				090461DE20DA2AE000B5CE8A /* Products */,
			);
			sourceTree = "<group>";
		};
		090461DE20DA2AE000B5CE8A /* Products */ = {
			isa = PBXGroup;
			children = (
				090461DD20DA2AE000B5CE8A /* ExampleProject.app */,
			);
			name = Products;
			sourceTree = "<group>";
		};
		090461DF20DA2AE000B5CE8A /* ExampleProject */ = {
			isa = PBXGroup;
			children = (
				090461F420DA2B2700B5CE8A /* Models */,
				090461F320DA2B1000B5CE8A /* Controllers */,
				090461F220DA2B0600B5CE8A /* Views */,
				090461E020DA2AE000B5CE8A /* AppDelegate.swift */,
				090461E420DA2AE000B5CE8A /* Main.storyboard */,
				094CC45520DB33140025CA0A /* imageShower.storyboard */,
				090461E720DA2AE200B5CE8A /* Assets.xcassets */,
				090461E920DA2AE200B5CE8A /* LaunchScreen.storyboard */,
				09F6655F20DB503A00137FC4 /* sf-ui-text-regular-58646b56a688c.otf */,
				090461EC20DA2AE200B5CE8A /* Info.plist */,
			);
			path = ExampleProject;
			sourceTree = "<group>";
		};
		090461F220DA2B0600B5CE8A /* Views */ = {
			isa = PBXGroup;
			children = (
			);
			path = Views;
			sourceTree = "<group>";
		};
		090461F320DA2B1000B5CE8A /* Controllers */ = {
			isa = PBXGroup;
			children = (
				090461E220DA2AE000B5CE8A /* ViewController.swift */,
				09F4699420DAF744004E4337 /* ActorsTVC.swift */,
				094CC45320DB32580025CA0A /* ImageShowVC.swift */,
			);
			path = Controllers;
			sourceTree = "<group>";
		};
		090461F420DA2B2700B5CE8A /* Models */ = {
			isa = PBXGroup;
			children = (
				090461F520DADA5600B5CE8A /* Actor.swift */,
			);
			path = Models;
			sourceTree = "<group>";
		};
/* End PBXGroup section */

/* Begin PBXNativeTarget section */
		090461DC20DA2AE000B5CE8A /* ExampleProject */ = {
			isa = PBXNativeTarget;
			buildConfigurationList = 090461EF20DA2AE200B5CE8A /* Build configuration list for PBXNativeTarget "ExampleProject" */;
			buildPhases = (
				090461D920DA2AE000B5CE8A /* Sources */,
				090461DA20DA2AE000B5CE8A /* Frameworks */,
				090461DB20DA2AE000B5CE8A /* Resources */,
			);
			buildRules = (
			);
			dependencies = (
			);
			name = ExampleProject;
			productName = ExampleProject;
			productReference = 090461DD20DA2AE000B5CE8A /* ExampleProject.app */;
			productType = "com.apple.product-type.application";
		};
/* End PBXNativeTarget section */

/* Begin PBXProject section */
		090461D520DA2AE000B5CE8A /* Project object */ = {
			isa = PBXProject;
			attributes = {
				LastSwiftUpdateCheck = 0940;
				LastUpgradeCheck = 0940;
				ORGANIZATIONNAME = "vishal modem";
				TargetAttributes = {
					090461DC20DA2AE000B5CE8A = {
						CreatedOnToolsVersion = 9.4;
					};
				};
			};
			buildConfigurationList = 090461D820DA2AE000B5CE8A /* Build configuration list for PBXProject "ExampleProject" */;
			compatibilityVersion = "Xcode 9.3";
			developmentRegion = en;
			hasScannedForEncodings = 0;
			knownRegions = (
				en,
				Base,
			);
			mainGroup = 090461D420DA2AE000B5CE8A;
			productRefGroup = 090461DE20DA2AE000B5CE8A /* Products */;
			projectDirPath = "";
			projectRoot = "";
			targets = (
				090461DC20DA2AE000B5CE8A /* ExampleProject */,
			);
		};
/* End PBXProject section */

/* Begin PBXResourcesBuildPhase section */
		090461DB20DA2AE000B5CE8A /* Resources */ = {
			isa = PBXResourcesBuildPhase;
			buildActionMask = 2147483647;
			files = (
				094CC45720DB33140025CA0A /* imageShower.storyboard in Resources */,
				090461EB20DA2AE200B5CE8A /* LaunchScreen.storyboard in Resources */,
				090461E820DA2AE200B5CE8A /* Assets.xcassets in Resources */,
				09F6656020DB503A00137FC4 /* sf-ui-text-regular-58646b56a688c.otf in Resources */,
				090461E620DA2AE000B5CE8A /* Main.storyboard in Resources */,
			);
			runOnlyForDeploymentPostprocessing = 0;
		};
/* End PBXResourcesBuildPhase section */

/* Begin PBXSourcesBuildPhase section */
		090461D920DA2AE000B5CE8A /* Sources */ = {
			isa = PBXSourcesBuildPhase;
			buildActionMask = 2147483647;
			files = (
				090461F620DADA5600B5CE8A /* Actor.swift in Sources */,
				090461E320DA2AE000B5CE8A /* ViewController.swift in Sources */,
				090461E120DA2AE000B5CE8A /* AppDelegate.swift in Sources */,
				094CC45420DB32580025CA0A /* ImageShowVC.swift in Sources */,
				09F4699520DAF744004E4337 /* ActorsTVC.swift in Sources */,
			);
			runOnlyForDeploymentPostprocessing = 0;
		};
/* End PBXSourcesBuildPhase section */

/* Begin PBXVariantGroup section */
		090461E420DA2AE000B5CE8A /* Main.storyboard */ = {
			isa = PBXVariantGroup;
			children = (
				090461E520DA2AE000B5CE8A /* Base */,
			);
			name = Main.storyboard;
			sourceTree = "<group>";
		};
		090461E920DA2AE200B5CE8A /* LaunchScreen.storyboard */ = {
			isa = PBXVariantGroup;
			children = (
				090461EA20DA2AE200B5CE8A /* Base */,
			);
			name = LaunchScreen.storyboard;
			sourceTree = "<group>";
		};
		094CC45520DB33140025CA0A /* imageShower.storyboard */ = {
			isa = PBXVariantGroup;
			children = (
				094CC45620DB33140025CA0A /* Base */,
			);
			name = imageShower.storyboard;
			sourceTree = "<group>";
		};
/* End PBXVariantGroup section */

/* Begin XCBuildConfiguration section */
		090461ED20DA2AE200B5CE8A /* Debug */ = {
			isa = XCBuildConfiguration;
			buildSettings = {
				ALWAYS_SEARCH_USER_PATHS = NO;
				CLANG_ANALYZER_NONNULL = YES;
				CLANG_ANALYZER_NUMBER_OBJECT_CONVERSION = YES_AGGRESSIVE;
				CLANG_CXX_LANGUAGE_STANDARD = "gnu++14";
				CLANG_CXX_LIBRARY = "libc++";
				CLANG_ENABLE_MODULES = YES;
				CLANG_ENABLE_OBJC_ARC = YES;
				CLANG_ENABLE_OBJC_WEAK = YES;
				CLANG_WARN_BLOCK_CAPTURE_AUTORELEASING = YES;
				CLANG_WARN_BOOL_CONVERSION = YES;
				CLANG_WARN_COMMA = YES;
				CLANG_WARN_CONSTANT_CONVERSION = YES;
				CLANG_WARN_DEPRECATED_OBJC_IMPLEMENTATIONS = YES;
				CLANG_WARN_DIRECT_OBJC_ISA_USAGE = YES_ERROR;
				CLANG_WARN_DOCUMENTATION_COMMENTS = YES;
				CLANG_WARN_EMPTY_BODY = YES;
				CLANG_WARN_ENUM_CONVERSION = YES;
				CLANG_WARN_INFINITE_RECURSION = YES;
				CLANG_WARN_INT_CONVERSION = YES;
				CLANG_WARN_NON_LITERAL_NULL_CONVERSION = YES;
				CLANG_WARN_OBJC_IMPLICIT_RETAIN_SELF = YES;
				CLANG_WARN_OBJC_LITERAL_CONVERSION = YES;
				CLANG_WARN_OBJC_ROOT_CLASS = YES_ERROR;
				CLANG_WARN_RANGE_LOOP_ANALYSIS = YES;
				CLANG_WARN_STRICT_PROTOTYPES = YES;
				CLANG_WARN_SUSPICIOUS_MOVE = YES;
				CLANG_WARN_UNGUARDED_AVAILABILITY = YES_AGGRESSIVE;
				CLANG_WARN_UNREACHABLE_CODE = YES;
				CLANG_WARN__DUPLICATE_METHOD_MATCH = YES;
				CODE_SIGN_IDENTITY = "iPhone Developer";
				COPY_PHASE_STRIP = NO;
				DEBUG_INFORMATION_FORMAT = dwarf;
				ENABLE_STRICT_OBJC_MSGSEND = YES;
				ENABLE_TESTABILITY = YES;
				GCC_C_LANGUAGE_STANDARD = gnu11;
				GCC_DYNAMIC_NO_PIC = NO;
				GCC_NO_COMMON_BLOCKS = YES;
				GCC_OPTIMIZATION_LEVEL = 0;
				GCC_PREPROCESSOR_DEFINITIONS = (
					"DEBUG=1",
					"$(inherited)",
				);
				GCC_WARN_64_TO_32_BIT_CONVERSION = YES;
				GCC_WARN_ABOUT_RETURN_TYPE = YES_ERROR;
				GCC_WARN_UNDECLARED_SELECTOR = YES;
				GCC_WARN_UNINITIALIZED_AUTOS = YES_AGGRESSIVE;
				GCC_WARN_UNUSED_FUNCTION = YES;
				GCC_WARN_UNUSED_VARIABLE = YES;
				IPHONEOS_DEPLOYMENT_TARGET = 11.4;
				MTL_ENABLE_DEBUG_INFO = YES;
				ONLY_ACTIVE_ARCH = YES;
				SDKROOT = iphoneos;
				SWIFT_ACTIVE_COMPILATION_CONDITIONS = DEBUG;
				SWIFT_OPTIMIZATION_LEVEL = "-Onone";
			};
			name = Debug;
		};
		090461EE20DA2AE200B5CE8A /* Release */ = {
			isa = XCBuildConfiguration;
			buildSettings = {
				ALWAYS_SEARCH_USER_PATHS = NO;
				CLANG_ANALYZER_NONNULL = YES;
				CLANG_ANALYZER_NUMBER_OBJECT_CONVERSION = YES_AGGRESSIVE;
				CLANG_CXX_LANGUAGE_STANDARD = "gnu++14";
				CLANG_CXX_LIBRARY = "libc++";
				CLANG_ENABLE_MODULES = YES;
				CLANG_ENABLE_OBJC_ARC = YES;
				CLANG_ENABLE_OBJC_WEAK = YES;
				CLANG_WARN_BLOCK_CAPTURE_AUTORELEASING = YES;
				CLANG_WARN_BOOL_CONVERSION = YES;
				CLANG_WARN_COMMA = YES;
				CLANG_WARN_CONSTANT_CONVERSION = YES;
				CLANG_WARN_DEPRECATED_OBJC_IMPLEMENTATIONS = YES;
				CLANG_WARN_DIRECT_OBJC_ISA_USAGE = YES_ERROR;
				CLANG_WARN_DOCUMENTATION_COMMENTS = YES;
				CLANG_WARN_EMPTY_BODY = YES;
				CLANG_WARN_ENUM_CONVERSION = YES;
				CLANG_WARN_INFINITE_RECURSION = YES;
				CLANG_WARN_INT_CONVERSION = YES;
				CLANG_WARN_NON_LITERAL_NULL_CONVERSION = YES;
				CLANG_WARN_OBJC_IMPLICIT_RETAIN_SELF = YES;
				CLANG_WARN_OBJC_LITERAL_CONVERSION = YES;
				CLANG_WARN_OBJC_ROOT_CLASS = YES_ERROR;
				CLANG_WARN_RANGE_LOOP_ANALYSIS = YES;
				CLANG_WARN_STRICT_PROTOTYPES = YES;
				CLANG_WARN_SUSPICIOUS_MOVE = YES;
				CLANG_WARN_UNGUARDED_AVAILABILITY = YES_AGGRESSIVE;
				CLANG_WARN_UNREACHABLE_CODE = YES;
				CLANG_WARN__DUPLICATE_METHOD_MATCH = YES;
				CODE_SIGN_IDENTITY = "iPhone Developer";
				COPY_PHASE_STRIP = NO;
				DEBUG_INFORMATION_FORMAT = "dwarf-with-dsym";
				ENABLE_NS_ASSERTIONS = NO;
				ENABLE_STRICT_OBJC_MSGSEND = YES;
				GCC_C_LANGUAGE_STANDARD = gnu11;
				GCC_NO_COMMON_BLOCKS = YES;
				GCC_WARN_64_TO_32_BIT_CONVERSION = YES;
				GCC_WARN_ABOUT_RETURN_TYPE = YES_ERROR;
				GCC_WARN_UNDECLARED_SELECTOR = YES;
				GCC_WARN_UNINITIALIZED_AUTOS = YES_AGGRESSIVE;
				GCC_WARN_UNUSED_FUNCTION = YES;
				GCC_WARN_UNUSED_VARIABLE = YES;
				IPHONEOS_DEPLOYMENT_TARGET = 11.4;
				MTL_ENABLE_DEBUG_INFO = NO;
				SDKROOT = iphoneos;
				SWIFT_COMPILATION_MODE = wholemodule;
				SWIFT_OPTIMIZATION_LEVEL = "-O";
				VALIDATE_PRODUCT = YES;
			};
			name = Release;
		};
		090461F020DA2AE200B5CE8A /* Debug */ = {
			isa = XCBuildConfiguration;
			buildSettings = {
				ASSETCATALOG_COMPILER_APPICON_NAME = AppIcon;
				CODE_SIGN_STYLE = Automatic;
				INFOPLIST_FILE = ExampleProject/Info.plist;
				LD_RUNPATH_SEARCH_PATHS = (
					"$(inherited)",
					"@executable_path/Frameworks",
				);
				PRODUCT_BUNDLE_IDENTIFIER = vishalmodem555.ExampleProject;
				PRODUCT_NAME = "$(TARGET_NAME)";
				SWIFT_VERSION = 4.0;
				TARGETED_DEVICE_FAMILY = "1,2";
			};
			name = Debug;
		};
		090461F120DA2AE200B5CE8A /* Release */ = {
			isa = XCBuildConfiguration;
			buildSettings = {
				ASSETCATALOG_COMPILER_APPICON_NAME = AppIcon;
				CODE_SIGN_STYLE = Automatic;
				INFOPLIST_FILE = ExampleProject/Info.plist;
				LD_RUNPATH_SEARCH_PATHS = (
					"$(inherited)",
					"@executable_path/Frameworks",
				);
				PRODUCT_BUNDLE_IDENTIFIER = vishalmodem555.ExampleProject;
				PRODUCT_NAME = "$(TARGET_NAME)";
				SWIFT_VERSION = 4.0;
				TARGETED_DEVICE_FAMILY = "1,2";
			};
			name = Release;
		};
/* End XCBuildConfiguration section */

/* Begin XCConfigurationList section */
		090461D820DA2AE000B5CE8A /* Build configuration list for PBXProject "ExampleProject" */ = {
			isa = XCConfigurationList;
			buildConfigurations = (
				090461ED20DA2AE200B5CE8A /* Debug */,
				090461EE20DA2AE200B5CE8A /* Release */,
			);
			defaultConfigurationIsVisible = 0;
			defaultConfigurationName = Release;
		};
		090461EF20DA2AE200B5CE8A /* Build configuration list for PBXNativeTarget "ExampleProject" */ = {
			isa = XCConfigurationList;
			buildConfigurations = (
				090461F020DA2AE200B5CE8A /* Debug */,
				090461F120DA2AE200B5CE8A /* Release */,
			);
			defaultConfigurationIsVisible = 0;
			defaultConfigurationName = Release;
		};
/* End XCConfigurationList section */
	};
	rootObject = 090461D520DA2AE000B5CE8A /* Project object */;
}
